Microsoft Visual Studio Solution File, Format Version 12.00
# Visual Studio 2012
Project("{FAE04EC0-301F-11D3-BF4B-00C04F79EFBC}") = "Camelot.Core", "Camelot\Camelot.Core\Camelot.Core.csproj", "{B7ECF0D4-6FB6-43BB-84C7-E91ACCFE210D}"
EndProject
Project("{FAE04EC0-301F-11D3-BF4B-00C04F79EFBC}") = "Camelot.Prompt", "Camelot\Camelot.Prompt\Camelot.Prompt.csproj", "{8A16888C-4015-4F4C-B523-88A204FBE990}"
EndProject
Project("{FAE04EC0-301F-11D3-BF4B-00C04F79EFBC}") = "Camelot.Core.Specs", "Camelot\Camelot.Core.Specs\Camelot.Core.Specs.csproj", "{58200645-8CA1-4452-B1F3-2F5C3EA8554A}"
EndProject
Global
	GlobalSection(SolutionConfigurationPlatforms) = preSolution
		Debug|Any CPU = Debug|Any CPU
		Release|Any CPU = Release|Any CPU
	EndGlobalSection
	GlobalSection(ProjectConfigurationPlatforms) = postSolution
		{B7ECF0D4-6FB6-43BB-84C7-E91ACCFE210D}.Debug|Any CPU.ActiveCfg = Debug|Any CPU
		{B7ECF0D4-6FB6-43BB-84C7-E91ACCFE210D}.Debug|Any CPU.Build.0 = Debug|Any CPU
		{B7ECF0D4-6FB6-43BB-84C7-E91ACCFE210D}.Release|Any CPU.ActiveCfg = Release|Any CPU
		{B7ECF0D4-6FB6-43BB-84C7-E91ACCFE210D}.Release|Any CPU.Build.0 = Release|Any CPU
		{8A16888C-4015-4F4C-B523-88A204FBE990}.Debug|Any CPU.ActiveCfg = Debug|Any CPU
		{8A16888C-4015-4F4C-B523-88A204FBE990}.Debug|Any CPU.Build.0 = Debug|Any CPU
		{8A16888C-4015-4F4C-B523-88A204FBE990}.Release|Any CPU.ActiveCfg = Release|Any CPU
		{8A16888C-4015-4F4C-B523-88A204FBE990}.Release|Any CPU.Build.0 = Release|Any CPU
		{58200645-8CA1-4452-B1F3-2F5C3EA8554A}.Debug|Any CPU.ActiveCfg = Debug|Any CPU
		{58200645-8CA1-4452-B1F3-2F5C3EA8554A}.Debug|Any CPU.Build.0 = Debug|Any CPU
		{58200645-8CA1-4452-B1F3-2F5C3EA8554A}.Release|Any CPU.ActiveCfg = Release|Any CPU
		{58200645-8CA1-4452-B1F3-2F5C3EA8554A}.Release|Any CPU.Build.0 = Release|Any CPU
	EndGlobalSection
	GlobalSection(SolutionProperties) = preSolution
		HideSolutionNode = FALSE
	EndGlobalSection
EndGlobal
